// !$*UTF8*$!
{
	archiveVersion = 1;
	classes = {
	};
	objectVersion = 56;
	objects = {

/* Begin PBXBuildFile section */
		1574E95A2A0E78E300D001C4 /* AppDelegate.swift in Sources */ = {isa = PBXBuildFile; fileRef = 1574E9592A0E78E300D001C4 /* AppDelegate.swift */; };
		1574E95C2A0E78E300D001C4 /* SceneDelegate.swift in Sources */ = {isa = PBXBuildFile; fileRef = 1574E95B2A0E78E300D001C4 /* SceneDelegate.swift */; };
		1574E95E2A0E78E300D001C4 /* ViewController.swift in Sources */ = {isa = PBXBuildFile; fileRef = 1574E95D2A0E78E300D001C4 /* ViewController.swift */; };
		1574E9612A0E78E300D001C4 /* Main.storyboard in Resources */ = {isa = PBXBuildFile; fileRef = 1574E95F2A0E78E300D001C4 /* Main.storyboard */; };
		1574E9632A0E78E300D001C4 /* Assets.xcassets in Resources */ = {isa = PBXBuildFile; fileRef = 1574E9622A0E78E300D001C4 /* Assets.xcassets */; };
		1574E9662A0E78E300D001C4 /* LaunchScreen.storyboard in Resources */ = {isa = PBXBuildFile; fileRef = 1574E9642A0E78E300D001C4 /* LaunchScreen.storyboard */; };
		1574E9712A0E78E300D001C4 /* spacexTests.swift in Sources */ = {isa = PBXBuildFile; fileRef = 1574E9702A0E78E300D001C4 /* spacexTests.swift */; };
		1574E97B2A0E78E300D001C4 /* spacexUITests.swift in Sources */ = {isa = PBXBuildFile; fileRef = 1574E97A2A0E78E300D001C4 /* spacexUITests.swift */; };
		1574E97D2A0E78E300D001C4 /* spacexUITestsLaunchTests.swift in Sources */ = {isa = PBXBuildFile; fileRef = 1574E97C2A0E78E300D001C4 /* spacexUITestsLaunchTests.swift */; };
		1574E98B2A0E812600D001C4 /* CompanyModel.swift in Sources */ = {isa = PBXBuildFile; fileRef = 1574E98A2A0E812600D001C4 /* CompanyModel.swift */; };
		1574E98D2A0E828300D001C4 /* LaunchModel.swift in Sources */ = {isa = PBXBuildFile; fileRef = 1574E98C2A0E828300D001C4 /* LaunchModel.swift */; };
		1574E9902A0E83AD00D001C4 /* Extensions.swift in Sources */ = {isa = PBXBuildFile; fileRef = 1574E98F2A0E83AD00D001C4 /* Extensions.swift */; };
		1574E9942A0E8E4300D001C4 /* SpacexService.swift in Sources */ = {isa = PBXBuildFile; fileRef = 1574E9932A0E8E4300D001C4 /* SpacexService.swift */; };
		1574E9962A0E8F7200D001C4 /* SessionHelper.swift in Sources */ = {isa = PBXBuildFile; fileRef = 1574E9952A0E8F7200D001C4 /* SessionHelper.swift */; };
		1574E9992A0F8C3A00D001C4 /* SpacexViewModel.swift in Sources */ = {isa = PBXBuildFile; fileRef = 1574E9982A0F8C3A00D001C4 /* SpacexViewModel.swift */; };
		1574E99B2A0F99E100D001C4 /* mock.json in Resources */ = {isa = PBXBuildFile; fileRef = 1574E99A2A0F99E100D001C4 /* mock.json */; };
		1574E99C2A0F99E100D001C4 /* mock.json in Resources */ = {isa = PBXBuildFile; fileRef = 1574E99A2A0F99E100D001C4 /* mock.json */; };
		1574E99E2A0F9DC300D001C4 /* MockSession.swift in Sources */ = {isa = PBXBuildFile; fileRef = 1574E99D2A0F9DC300D001C4 /* MockSession.swift */; };
/* End PBXBuildFile section */

/* Begin PBXContainerItemProxy section */
		1574E96D2A0E78E300D001C4 /* PBXContainerItemProxy */ = {
			isa = PBXContainerItemProxy;
			containerPortal = 1574E94E2A0E78E300D001C4 /* Project object */;
			proxyType = 1;
			remoteGlobalIDString = 1574E9552A0E78E300D001C4;
			remoteInfo = spacex;
		};
		1574E9772A0E78E300D001C4 /* PBXContainerItemProxy */ = {
			isa = PBXContainerItemProxy;
			containerPortal = 1574E94E2A0E78E300D001C4 /* Project object */;
			proxyType = 1;
			remoteGlobalIDString = 1574E9552A0E78E300D001C4;
			remoteInfo = spacex;
		};
/* End PBXContainerItemProxy section */

/* Begin PBXFileReference section */
		1574E9562A0E78E300D001C4 /* spacex.app */ = {isa = PBXFileReference; explicitFileType = wrapper.application; includeInIndex = 0; path = spacex.app; sourceTree = BUILT_PRODUCTS_DIR; };
		1574E9592A0E78E300D001C4 /* AppDelegate.swift */ = {isa = PBXFileReference; lastKnownFileType = sourcecode.swift; path = AppDelegate.swift; sourceTree = "<group>"; };
		1574E95B2A0E78E300D001C4 /* SceneDelegate.swift */ = {isa = PBXFileReference; lastKnownFileType = sourcecode.swift; path = SceneDelegate.swift; sourceTree = "<group>"; };
		1574E95D2A0E78E300D001C4 /* ViewController.swift */ = {isa = PBXFileReference; lastKnownFileType = sourcecode.swift; path = ViewController.swift; sourceTree = "<group>"; };
		1574E9602A0E78E300D001C4 /* Base */ = {isa = PBXFileReference; lastKnownFileType = file.storyboard; name = Base; path = Base.lproj/Main.storyboard; sourceTree = "<group>"; };
		1574E9622A0E78E300D001C4 /* Assets.xcassets */ = {isa = PBXFileReference; lastKnownFileType = folder.assetcatalog; path = Assets.xcassets; sourceTree = "<group>"; };
		1574E9652A0E78E300D001C4 /* Base */ = {isa = PBXFileReference; lastKnownFileType = file.storyboard; name = Base; path = Base.lproj/LaunchScreen.storyboard; sourceTree = "<group>"; };
		1574E9672A0E78E300D001C4 /* Info.plist */ = {isa = PBXFileReference; lastKnownFileType = text.plist.xml; path = Info.plist; sourceTree = "<group>"; };
		1574E96C2A0E78E300D001C4 /* spacexTests.xctest */ = {isa = PBXFileReference; explicitFileType = wrapper.cfbundle; includeInIndex = 0; path = spacexTests.xctest; sourceTree = BUILT_PRODUCTS_DIR; };
		1574E9702A0E78E300D001C4 /* spacexTests.swift */ = {isa = PBXFileReference; lastKnownFileType = sourcecode.swift; path = spacexTests.swift; sourceTree = "<group>"; };
		1574E9762A0E78E300D001C4 /* spacexUITests.xctest */ = {isa = PBXFileReference; explicitFileType = wrapper.cfbundle; includeInIndex = 0; path = spacexUITests.xctest; sourceTree = BUILT_PRODUCTS_DIR; };
		1574E97A2A0E78E300D001C4 /* spacexUITests.swift */ = {isa = PBXFileReference; lastKnownFileType = sourcecode.swift; path = spacexUITests.swift; sourceTree = "<group>"; };
		1574E97C2A0E78E300D001C4 /* spacexUITestsLaunchTests.swift */ = {isa = PBXFileReference; lastKnownFileType = sourcecode.swift; path = spacexUITestsLaunchTests.swift; sourceTree = "<group>"; };
		1574E98A2A0E812600D001C4 /* CompanyModel.swift */ = {isa = PBXFileReference; lastKnownFileType = sourcecode.swift; path = CompanyModel.swift; sourceTree = "<group>"; };
		1574E98C2A0E828300D001C4 /* LaunchModel.swift */ = {isa = PBXFileReference; lastKnownFileType = sourcecode.swift; path = LaunchModel.swift; sourceTree = "<group>"; };
		1574E98F2A0E83AD00D001C4 /* Extensions.swift */ = {isa = PBXFileReference; lastKnownFileType = sourcecode.swift; path = Extensions.swift; sourceTree = "<group>"; };
		1574E9932A0E8E4300D001C4 /* SpacexService.swift */ = {isa = PBXFileReference; lastKnownFileType = sourcecode.swift; path = SpacexService.swift; sourceTree = "<group>"; };
		1574E9952A0E8F7200D001C4 /* SessionHelper.swift */ = {isa = PBXFileReference; lastKnownFileType = sourcecode.swift; path = SessionHelper.swift; sourceTree = "<group>"; };
		1574E9982A0F8C3A00D001C4 /* SpacexViewModel.swift */ = {isa = PBXFileReference; lastKnownFileType = sourcecode.swift; path = SpacexViewModel.swift; sourceTree = "<group>"; };
		1574E99A2A0F99E100D001C4 /* mock.json */ = {isa = PBXFileReference; lastKnownFileType = text.json; path = mock.json; sourceTree = "<group>"; };
		1574E99D2A0F9DC300D001C4 /* MockSession.swift */ = {isa = PBXFileReference; lastKnownFileType = sourcecode.swift; path = MockSession.swift; sourceTree = "<group>"; };
/* End PBXFileReference section */

/* Begin PBXFrameworksBuildPhase section */
		1574E9532A0E78E300D001C4 /* Frameworks */ = {
			isa = PBXFrameworksBuildPhase;
			buildActionMask = 2147483647;
			files = (
			);
			runOnlyForDeploymentPostprocessing = 0;
		};
		1574E9692A0E78E300D001C4 /* Frameworks */ = {
			isa = PBXFrameworksBuildPhase;
			buildActionMask = 2147483647;
			files = (
			);
			runOnlyForDeploymentPostprocessing = 0;
		};
		1574E9732A0E78E300D001C4 /* Frameworks */ = {
			isa = PBXFrameworksBuildPhase;
			buildActionMask = 2147483647;
			files = (
			);
			runOnlyForDeploymentPostprocessing = 0;
		};
/* End PBXFrameworksBuildPhase section */

/* Begin PBXGroup section */
		1574E94D2A0E78E300D001C4 = {
			isa = PBXGroup;
			children = (
				1574E9582A0E78E300D001C4 /* spacex */,
				1574E96F2A0E78E300D001C4 /* spacexTests */,
				1574E9792A0E78E300D001C4 /* spacexUITests */,
				1574E9572A0E78E300D001C4 /* Products */,
			);
			sourceTree = "<group>";
		};
		1574E9572A0E78E300D001C4 /* Products */ = {
			isa = PBXGroup;
			children = (
				1574E9562A0E78E300D001C4 /* spacex.app */,
				1574E96C2A0E78E300D001C4 /* spacexTests.xctest */,
				1574E9762A0E78E300D001C4 /* spacexUITests.xctest */,
			);
			name = Products;
			sourceTree = "<group>";
		};
		1574E9582A0E78E300D001C4 /* spacex */ = {
			isa = PBXGroup;
			children = (
				1574E9972A0F8C1B00D001C4 /* ViewModel */,
				1574E9922A0E8DF300D001C4 /* Service */,
				1574E98E2A0E82DA00D001C4 /* Extensions */,
				1574E9892A0E80D500D001C4 /* Models */,
				1574E9592A0E78E300D001C4 /* AppDelegate.swift */,
				1574E95B2A0E78E300D001C4 /* SceneDelegate.swift */,
				1574E95D2A0E78E300D001C4 /* ViewController.swift */,
				1574E95F2A0E78E300D001C4 /* Main.storyboard */,
				1574E9622A0E78E300D001C4 /* Assets.xcassets */,
				1574E9642A0E78E300D001C4 /* LaunchScreen.storyboard */,
				1574E9672A0E78E300D001C4 /* Info.plist */,
				1574E99A2A0F99E100D001C4 /* mock.json */,
			);
			path = spacex;
			sourceTree = "<group>";
		};
		1574E96F2A0E78E300D001C4 /* spacexTests */ = {
			isa = PBXGroup;
			children = (
				1574E9702A0E78E300D001C4 /* spacexTests.swift */,
				1574E99D2A0F9DC300D001C4 /* MockSession.swift */,
			);
			path = spacexTests;
			sourceTree = "<group>";
		};
		1574E9792A0E78E300D001C4 /* spacexUITests */ = {
			isa = PBXGroup;
			children = (
				1574E97A2A0E78E300D001C4 /* spacexUITests.swift */,
				1574E97C2A0E78E300D001C4 /* spacexUITestsLaunchTests.swift */,
			);
			path = spacexUITests;
			sourceTree = "<group>";
		};
		1574E9892A0E80D500D001C4 /* Models */ = {
			isa = PBXGroup;
			children = (
				1574E98A2A0E812600D001C4 /* CompanyModel.swift */,
				1574E98C2A0E828300D001C4 /* LaunchModel.swift */,
			);
			path = Models;
			sourceTree = "<group>";
		};
		1574E98E2A0E82DA00D001C4 /* Extensions */ = {
			isa = PBXGroup;
			children = (
				1574E98F2A0E83AD00D001C4 /* Extensions.swift */,
			);
			path = Extensions;
			sourceTree = "<group>";
		};
		1574E9922A0E8DF300D001C4 /* Service */ = {
			isa = PBXGroup;
			children = (
				1574E9932A0E8E4300D001C4 /* SpacexService.swift */,
				1574E9952A0E8F7200D001C4 /* SessionHelper.swift */,
			);
			path = Service;
			sourceTree = "<group>";
		};
		1574E9972A0F8C1B00D001C4 /* ViewModel */ = {
			isa = PBXGroup;
			children = (
				1574E9982A0F8C3A00D001C4 /* SpacexViewModel.swift */,
			);
			path = ViewModel;
			sourceTree = "<group>";
		};
/* End PBXGroup section */

/* Begin PBXNativeTarget section */
		1574E9552A0E78E300D001C4 /* spacex */ = {
			isa = PBXNativeTarget;
			buildConfigurationList = 1574E9802A0E78E300D001C4 /* Build configuration list for PBXNativeTarget "spacex" */;
			buildPhases = (
				1574E9522A0E78E300D001C4 /* Sources */,
				1574E9532A0E78E300D001C4 /* Frameworks */,
				1574E9542A0E78E300D001C4 /* Resources */,
			);
			buildRules = (
			);
			dependencies = (
			);
			name = spacex;
			productName = spacex;
			productReference = 1574E9562A0E78E300D001C4 /* spacex.app */;
			productType = "com.apple.product-type.application";
		};
		1574E96B2A0E78E300D001C4 /* spacexTests */ = {
			isa = PBXNativeTarget;
			buildConfigurationList = 1574E9832A0E78E300D001C4 /* Build configuration list for PBXNativeTarget "spacexTests" */;
			buildPhases = (
				1574E9682A0E78E300D001C4 /* Sources */,
				1574E9692A0E78E300D001C4 /* Frameworks */,
				1574E96A2A0E78E300D001C4 /* Resources */,
			);
			buildRules = (
			);
			dependencies = (
				1574E96E2A0E78E300D001C4 /* PBXTargetDependency */,
			);
			name = spacexTests;
			productName = spacexTests;
			productReference = 1574E96C2A0E78E300D001C4 /* spacexTests.xctest */;
			productType = "com.apple.product-type.bundle.unit-test";
		};
		1574E9752A0E78E300D001C4 /* spacexUITests */ = {
			isa = PBXNativeTarget;
			buildConfigurationList = 1574E9862A0E78E300D001C4 /* Build configuration list for PBXNativeTarget "spacexUITests" */;
			buildPhases = (
				1574E9722A0E78E300D001C4 /* Sources */,
				1574E9732A0E78E300D001C4 /* Frameworks */,
				1574E9742A0E78E300D001C4 /* Resources */,
			);
			buildRules = (
			);
			dependencies = (
				1574E9782A0E78E300D001C4 /* PBXTargetDependency */,
			);
			name = spacexUITests;
			productName = spacexUITests;
			productReference = 1574E9762A0E78E300D001C4 /* spacexUITests.xctest */;
			productType = "com.apple.product-type.bundle.ui-testing";
		};
/* End PBXNativeTarget section */

/* Begin PBXProject section */
		1574E94E2A0E78E300D001C4 /* Project object */ = {
			isa = PBXProject;
			attributes = {
				BuildIndependentTargetsInParallel = 1;
				LastSwiftUpdateCheck = 1430;
				LastUpgradeCheck = 1430;
				TargetAttributes = {
					1574E9552A0E78E300D001C4 = {
						CreatedOnToolsVersion = 14.3;
					};
					1574E96B2A0E78E300D001C4 = {
						CreatedOnToolsVersion = 14.3;
						TestTargetID = 1574E9552A0E78E300D001C4;
					};
					1574E9752A0E78E300D001C4 = {
						CreatedOnToolsVersion = 14.3;
						TestTargetID = 1574E9552A0E78E300D001C4;
					};
				};
			};
			buildConfigurationList = 1574E9512A0E78E300D001C4 /* Build configuration list for PBXProject "spacex" */;
			compatibilityVersion = "Xcode 14.0";
			developmentRegion = en;
			hasScannedForEncodings = 0;
			knownRegions = (
				en,
				Base,
			);
			mainGroup = 1574E94D2A0E78E300D001C4;
			productRefGroup = 1574E9572A0E78E300D001C4 /* Products */;
			projectDirPath = "";
			projectRoot = "";
			targets = (
				1574E9552A0E78E300D001C4 /* spacex */,
				1574E96B2A0E78E300D001C4 /* spacexTests */,
				1574E9752A0E78E300D001C4 /* spacexUITests */,
			);
		};
/* End PBXProject section */

/* Begin PBXResourcesBuildPhase section */
		1574E9542A0E78E300D001C4 /* Resources */ = {
			isa = PBXResourcesBuildPhase;
			buildActionMask = 2147483647;
			files = (
				1574E9662A0E78E300D001C4 /* LaunchScreen.storyboard in Resources */,
				1574E9632A0E78E300D001C4 /* Assets.xcassets in Resources */,
				1574E99B2A0F99E100D001C4 /* mock.json in Resources */,
				1574E9612A0E78E300D001C4 /* Main.storyboard in Resources */,
			);
			runOnlyForDeploymentPostprocessing = 0;
		};
		1574E96A2A0E78E300D001C4 /* Resources */ = {
			isa = PBXResourcesBuildPhase;
			buildActionMask = 2147483647;
			files = (
				1574E99C2A0F99E100D001C4 /* mock.json in Resources */,
			);
			runOnlyForDeploymentPostprocessing = 0;
		};
		1574E9742A0E78E300D001C4 /* Resources */ = {
			isa = PBXResourcesBuildPhase;
			buildActionMask = 2147483647;
			files = (
			);
			runOnlyForDeploymentPostprocessing = 0;
		};
/* End PBXResourcesBuildPhase section */

/* Begin PBXSourcesBuildPhase section */
		1574E9522A0E78E300D001C4 /* Sources */ = {
			isa = PBXSourcesBuildPhase;
			buildActionMask = 2147483647;
			files = (
				1574E95E2A0E78E300D001C4 /* ViewController.swift in Sources */,
				1574E9902A0E83AD00D001C4 /* Extensions.swift in Sources */,
				1574E9962A0E8F7200D001C4 /* SessionHelper.swift in Sources */,
				1574E98B2A0E812600D001C4 /* CompanyModel.swift in Sources */,
				1574E95A2A0E78E300D001C4 /* AppDelegate.swift in Sources */,
				1574E9942A0E8E4300D001C4 /* SpacexService.swift in Sources */,
				1574E99E2A0F9DC300D001C4 /* MockSession.swift in Sources */,
				1574E9992A0F8C3A00D001C4 /* SpacexViewModel.swift in Sources */,
				1574E95C2A0E78E300D001C4 /* SceneDelegate.swift in Sources */,
				1574E98D2A0E828300D001C4 /* LaunchModel.swift in Sources */,
			);
			runOnlyForDeploymentPostprocessing = 0;
		};
		1574E9682A0E78E300D001C4 /* Sources */ = {
			isa = PBXSourcesBuildPhase;
			buildActionMask = 2147483647;
			files = (
				1574E9712A0E78E300D001C4 /* spacexTests.swift in Sources */,
			);
			runOnlyForDeploymentPostprocessing = 0;
		};
		1574E9722A0E78E300D001C4 /* Sources */ = {
			isa = PBXSourcesBuildPhase;
			buildActionMask = 2147483647;
			files = (
				1574E97D2A0E78E300D001C4 /* spacexUITestsLaunchTests.swift in Sources */,
				1574E97B2A0E78E300D001C4 /* spacexUITests.swift in Sources */,
			);
			runOnlyForDeploymentPostprocessing = 0;
		};
/* End PBXSourcesBuildPhase section */

/* Begin PBXTargetDependency section */
		1574E96E2A0E78E300D001C4 /* PBXTargetDependency */ = {
			isa = PBXTargetDependency;
			target = 1574E9552A0E78E300D001C4 /* spacex */;
			targetProxy = 1574E96D2A0E78E300D001C4 /* PBXContainerItemProxy */;
		};
		1574E9782A0E78E300D001C4 /* PBXTargetDependency */ = {
			isa = PBXTargetDependency;
			target = 1574E9552A0E78E300D001C4 /* spacex */;
			targetProxy = 1574E9772A0E78E300D001C4 /* PBXContainerItemProxy */;
		};
/* End PBXTargetDependency section */

/* Begin PBXVariantGroup section */
		1574E95F2A0E78E300D001C4 /* Main.storyboard */ = {
			isa = PBXVariantGroup;
			children = (
				1574E9602A0E78E300D001C4 /* Base */,
			);
			name = Main.storyboard;
			sourceTree = "<group>";
		};
		1574E9642A0E78E300D001C4 /* LaunchScreen.storyboard */ = {
			isa = PBXVariantGroup;
			children = (
				1574E9652A0E78E300D001C4 /* Base */,
			);
			name = LaunchScreen.storyboard;
			sourceTree = "<group>";
		};
/* End PBXVariantGroup section */

/* Begin XCBuildConfiguration section */
		1574E97E2A0E78E300D001C4 /* Debug */ = {
			isa = XCBuildConfiguration;
			buildSettings = {
				ALWAYS_SEARCH_USER_PATHS = NO;
				CLANG_ANALYZER_NONNULL = YES;
				CLANG_ANALYZER_NUMBER_OBJECT_CONVERSION = YES_AGGRESSIVE;
				CLANG_CXX_LANGUAGE_STANDARD = "gnu++20";
				CLANG_ENABLE_MODULES = YES;
				CLANG_ENABLE_OBJC_ARC = YES;
				CLANG_ENABLE_OBJC_WEAK = YES;
				CLANG_WARN_BLOCK_CAPTURE_AUTORELEASING = YES;
				CLANG_WARN_BOOL_CONVERSION = YES;
				CLANG_WARN_COMMA = YES;
				CLANG_WARN_CONSTANT_CONVERSION = YES;
				CLANG_WARN_DEPRECATED_OBJC_IMPLEMENTATIONS = YES;
				CLANG_WARN_DIRECT_OBJC_ISA_USAGE = YES_ERROR;
				CLANG_WARN_DOCUMENTATION_COMMENTS = YES;
				CLANG_WARN_EMPTY_BODY = YES;
				CLANG_WARN_ENUM_CONVERSION = YES;
				CLANG_WARN_INFINITE_RECURSION = YES;
				CLANG_WARN_INT_CONVERSION = YES;
				CLANG_WARN_NON_LITERAL_NULL_CONVERSION = YES;
				CLANG_WARN_OBJC_IMPLICIT_RETAIN_SELF = YES;
				CLANG_WARN_OBJC_LITERAL_CONVERSION = YES;
				CLANG_WARN_OBJC_ROOT_CLASS = YES_ERROR;
				CLANG_WARN_QUOTED_INCLUDE_IN_FRAMEWORK_HEADER = YES;
				CLANG_WARN_RANGE_LOOP_ANALYSIS = YES;
				CLANG_WARN_STRICT_PROTOTYPES = YES;
				CLANG_WARN_SUSPICIOUS_MOVE = YES;
				CLANG_WARN_UNGUARDED_AVAILABILITY = YES_AGGRESSIVE;
				CLANG_WARN_UNREACHABLE_CODE = YES;
				CLANG_WARN__DUPLICATE_METHOD_MATCH = YES;
				COPY_PHASE_STRIP = NO;
				DEBUG_INFORMATION_FORMAT = dwarf;
				ENABLE_STRICT_OBJC_MSGSEND = YES;
				ENABLE_TESTABILITY = YES;
				GCC_C_LANGUAGE_STANDARD = gnu11;
				GCC_DYNAMIC_NO_PIC = NO;
				GCC_NO_COMMON_BLOCKS = YES;
				GCC_OPTIMIZATION_LEVEL = 0;
				GCC_PREPROCESSOR_DEFINITIONS = (
					"DEBUG=1",
					"$(inherited)",
				);
				GCC_WARN_64_TO_32_BIT_CONVERSION = YES;
				GCC_WARN_ABOUT_RETURN_TYPE = YES_ERROR;
				GCC_WARN_UNDECLARED_SELECTOR = YES;
				GCC_WARN_UNINITIALIZED_AUTOS = YES_AGGRESSIVE;
				GCC_WARN_UNUSED_FUNCTION = YES;
				GCC_WARN_UNUSED_VARIABLE = YES;
				IPHONEOS_DEPLOYMENT_TARGET = 16.4;
				MTL_ENABLE_DEBUG_INFO = INCLUDE_SOURCE;
				MTL_FAST_MATH = YES;
				ONLY_ACTIVE_ARCH = YES;
				SDKROOT = iphoneos;
				SWIFT_ACTIVE_COMPILATION_CONDITIONS = DEBUG;
				SWIFT_OPTIMIZATION_LEVEL = "-Onone";
			};
			name = Debug;
		};
		1574E97F2A0E78E300D001C4 /* Release */ = {
			isa = XCBuildConfiguration;
			buildSettings = {
				ALWAYS_SEARCH_USER_PATHS = NO;
				CLANG_ANALYZER_NONNULL = YES;
				CLANG_ANALYZER_NUMBER_OBJECT_CONVERSION = YES_AGGRESSIVE;
				CLANG_CXX_LANGUAGE_STANDARD = "gnu++20";
				CLANG_ENABLE_MODULES = YES;
				CLANG_ENABLE_OBJC_ARC = YES;
				CLANG_ENABLE_OBJC_WEAK = YES;
				CLANG_WARN_BLOCK_CAPTURE_AUTORELEASING = YES;
				CLANG_WARN_BOOL_CONVERSION = YES;
				CLANG_WARN_COMMA = YES;
				CLANG_WARN_CONSTANT_CONVERSION = YES;
				CLANG_WARN_DEPRECATED_OBJC_IMPLEMENTATIONS = YES;
				CLANG_WARN_DIRECT_OBJC_ISA_USAGE = YES_ERROR;
				CLANG_WARN_DOCUMENTATION_COMMENTS = YES;
				CLANG_WARN_EMPTY_BODY = YES;
				CLANG_WARN_ENUM_CONVERSION = YES;
				CLANG_WARN_INFINITE_RECURSION = YES;
				CLANG_WARN_INT_CONVERSION = YES;
				CLANG_WARN_NON_LITERAL_NULL_CONVERSION = YES;
				CLANG_WARN_OBJC_IMPLICIT_RETAIN_SELF = YES;
				CLANG_WARN_OBJC_LITERAL_CONVERSION = YES;
				CLANG_WARN_OBJC_ROOT_CLASS = YES_ERROR;
				CLANG_WARN_QUOTED_INCLUDE_IN_FRAMEWORK_HEADER = YES;
				CLANG_WARN_RANGE_LOOP_ANALYSIS = YES;
				CLANG_WARN_STRICT_PROTOTYPES = YES;
				CLANG_WARN_SUSPICIOUS_MOVE = YES;
				CLANG_WARN_UNGUARDED_AVAILABILITY = YES_AGGRESSIVE;
				CLANG_WARN_UNREACHABLE_CODE = YES;
				CLANG_WARN__DUPLICATE_METHOD_MATCH = YES;
				COPY_PHASE_STRIP = NO;
				DEBUG_INFORMATION_FORMAT = "dwarf-with-dsym";
				ENABLE_NS_ASSERTIONS = NO;
				ENABLE_STRICT_OBJC_MSGSEND = YES;
				GCC_C_LANGUAGE_STANDARD = gnu11;
				GCC_NO_COMMON_BLOCKS = YES;
				GCC_WARN_64_TO_32_BIT_CONVERSION = YES;
				GCC_WARN_ABOUT_RETURN_TYPE = YES_ERROR;
				GCC_WARN_UNDECLARED_SELECTOR = YES;
				GCC_WARN_UNINITIALIZED_AUTOS = YES_AGGRESSIVE;
				GCC_WARN_UNUSED_FUNCTION = YES;
				GCC_WARN_UNUSED_VARIABLE = YES;
				IPHONEOS_DEPLOYMENT_TARGET = 16.4;
				MTL_ENABLE_DEBUG_INFO = NO;
				MTL_FAST_MATH = YES;
				SDKROOT = iphoneos;
				SWIFT_COMPILATION_MODE = wholemodule;
				SWIFT_OPTIMIZATION_LEVEL = "-O";
				VALIDATE_PRODUCT = YES;
			};
			name = Release;
		};
		1574E9812A0E78E300D001C4 /* Debug */ = {
			isa = XCBuildConfiguration;
			buildSettings = {
				ASSETCATALOG_COMPILER_APPICON_NAME = AppIcon;
				ASSETCATALOG_COMPILER_GLOBAL_ACCENT_COLOR_NAME = AccentColor;
				CODE_SIGN_STYLE = Automatic;
				CURRENT_PROJECT_VERSION = 1;
				GENERATE_INFOPLIST_FILE = YES;
				INFOPLIST_FILE = spacex/Info.plist;
				INFOPLIST_KEY_UIApplicationSupportsIndirectInputEvents = YES;
				INFOPLIST_KEY_UILaunchStoryboardName = LaunchScreen;
				INFOPLIST_KEY_UIMainStoryboardFile = Main;
				INFOPLIST_KEY_UISupportedInterfaceOrientations = UIInterfaceOrientationPortrait;
				LD_RUNPATH_SEARCH_PATHS = (
					"$(inherited)",
					"@executable_path/Frameworks",
				);
				MARKETING_VERSION = 1.0;
				PRODUCT_BUNDLE_IDENTIFIER = bruno.spacex;
				PRODUCT_NAME = "$(TARGET_NAME)";
				SUPPORTED_PLATFORMS = "iphoneos iphonesimulator";
				SUPPORTS_MACCATALYST = NO;
				SUPPORTS_MAC_DESIGNED_FOR_IPHONE_IPAD = NO;
				SWIFT_EMIT_LOC_STRINGS = YES;
				SWIFT_VERSION = 5.0;
				TARGETED_DEVICE_FAMILY = 1;
			};
			name = Debug;
		};
		1574E9822A0E78E300D001C4 /* Release */ = {
			isa = XCBuildConfiguration;
			buildSettings = {
				ASSETCATALOG_COMPILER_APPICON_NAME = AppIcon;
				ASSETCATALOG_COMPILER_GLOBAL_ACCENT_COLOR_NAME = AccentColor;
				CODE_SIGN_STYLE = Automatic;
				CURRENT_PROJECT_VERSION = 1;
				GENERATE_INFOPLIST_FILE = YES;
				INFOPLIST_FILE = spacex/Info.plist;
				INFOPLIST_KEY_UIApplicationSupportsIndirectInputEvents = YES;
				INFOPLIST_KEY_UILaunchStoryboardName = LaunchScreen;
				INFOPLIST_KEY_UIMainStoryboardFile = Main;
				INFOPLIST_KEY_UISupportedInterfaceOrientations = UIInterfaceOrientationPortrait;
				LD_RUNPATH_SEARCH_PATHS = (
					"$(inherited)",
					"@executable_path/Frameworks",
				);
				MARKETING_VERSION = 1.0;
				PRODUCT_BUNDLE_IDENTIFIER = bruno.spacex;
				PRODUCT_NAME = "$(TARGET_NAME)";
				SUPPORTED_PLATFORMS = "iphoneos iphonesimulator";
				SUPPORTS_MACCATALYST = NO;
				SUPPORTS_MAC_DESIGNED_FOR_IPHONE_IPAD = NO;
				SWIFT_EMIT_LOC_STRINGS = YES;
				SWIFT_VERSION = 5.0;
				TARGETED_DEVICE_FAMILY = 1;
			};
			name = Release;
		};
		1574E9842A0E78E300D001C4 /* Debug */ = {
			isa = XCBuildConfiguration;
			buildSettings = {
				ALWAYS_EMBED_SWIFT_STANDARD_LIBRARIES = YES;
				BUNDLE_LOADER = "$(TEST_HOST)";
				CODE_SIGN_STYLE = Automatic;
				CURRENT_PROJECT_VERSION = 1;
				GENERATE_INFOPLIST_FILE = YES;
				IPHONEOS_DEPLOYMENT_TARGET = 16.4;
				MARKETING_VERSION = 1.0;
				PRODUCT_BUNDLE_IDENTIFIER = bruno.spacexTests;
				PRODUCT_NAME = "$(TARGET_NAME)";
				SWIFT_EMIT_LOC_STRINGS = NO;
				SWIFT_VERSION = 5.0;
				TARGETED_DEVICE_FAMILY = "1,2";
				TEST_HOST = "$(BUILT_PRODUCTS_DIR)/spacex.app/$(BUNDLE_EXECUTABLE_FOLDER_PATH)/spacex";
			};
			name = Debug;
		};
		1574E9852A0E78E300D001C4 /* Release */ = {
			isa = XCBuildConfiguration;
			buildSettings = {
				ALWAYS_EMBED_SWIFT_STANDARD_LIBRARIES = YES;
				BUNDLE_LOADER = "$(TEST_HOST)";
				CODE_SIGN_STYLE = Automatic;
				CURRENT_PROJECT_VERSION = 1;
				GENERATE_INFOPLIST_FILE = YES;
				IPHONEOS_DEPLOYMENT_TARGET = 16.4;
				MARKETING_VERSION = 1.0;
				PRODUCT_BUNDLE_IDENTIFIER = bruno.spacexTests;
				PRODUCT_NAME = "$(TARGET_NAME)";
				SWIFT_EMIT_LOC_STRINGS = NO;
				SWIFT_VERSION = 5.0;
				TARGETED_DEVICE_FAMILY = "1,2";
				TEST_HOST = "$(BUILT_PRODUCTS_DIR)/spacex.app/$(BUNDLE_EXECUTABLE_FOLDER_PATH)/spacex";
			};
			name = Release;
		};
		1574E9872A0E78E300D001C4 /* Debug */ = {
			isa = XCBuildConfiguration;
			buildSettings = {
				ALWAYS_EMBED_SWIFT_STANDARD_LIBRARIES = YES;
				CODE_SIGN_STYLE = Automatic;
				CURRENT_PROJECT_VERSION = 1;
				GENERATE_INFOPLIST_FILE = YES;
				MARKETING_VERSION = 1.0;
				PRODUCT_BUNDLE_IDENTIFIER = bruno.spacexUITests;
				PRODUCT_NAME = "$(TARGET_NAME)";
				SWIFT_EMIT_LOC_STRINGS = NO;
				SWIFT_VERSION = 5.0;
				TARGETED_DEVICE_FAMILY = "1,2";
				TEST_TARGET_NAME = spacex;
			};
			name = Debug;
		};
		1574E9882A0E78E300D001C4 /* Release */ = {
			isa = XCBuildConfiguration;
			buildSettings = {
				ALWAYS_EMBED_SWIFT_STANDARD_LIBRARIES = YES;
				CODE_SIGN_STYLE = Automatic;
				CURRENT_PROJECT_VERSION = 1;
				GENERATE_INFOPLIST_FILE = YES;
				MARKETING_VERSION = 1.0;
				PRODUCT_BUNDLE_IDENTIFIER = bruno.spacexUITests;
				PRODUCT_NAME = "$(TARGET_NAME)";
				SWIFT_EMIT_LOC_STRINGS = NO;
				SWIFT_VERSION = 5.0;
				TARGETED_DEVICE_FAMILY = "1,2";
				TEST_TARGET_NAME = spacex;
			};
			name = Release;
		};
/* End XCBuildConfiguration section */

/* Begin XCConfigurationList section */
		1574E9512A0E78E300D001C4 /* Build configuration list for PBXProject "spacex" */ = {
			isa = XCConfigurationList;
			buildConfigurations = (
				1574E97E2A0E78E300D001C4 /* Debug */,
				1574E97F2A0E78E300D001C4 /* Release */,
			);
			defaultConfigurationIsVisible = 0;
			defaultConfigurationName = Release;
		};
		1574E9802A0E78E300D001C4 /* Build configuration list for PBXNativeTarget "spacex" */ = {
			isa = XCConfigurationList;
			buildConfigurations = (
				1574E9812A0E78E300D001C4 /* Debug */,
				1574E9822A0E78E300D001C4 /* Release */,
			);
			defaultConfigurationIsVisible = 0;
			defaultConfigurationName = Release;
		};
		1574E9832A0E78E300D001C4 /* Build configuration list for PBXNativeTarget "spacexTests" */ = {
			isa = XCConfigurationList;
			buildConfigurations = (
				1574E9842A0E78E300D001C4 /* Debug */,
				1574E9852A0E78E300D001C4 /* Release */,
			);
			defaultConfigurationIsVisible = 0;
			defaultConfigurationName = Release;
		};
		1574E9862A0E78E300D001C4 /* Build configuration list for PBXNativeTarget "spacexUITests" */ = {
			isa = XCConfigurationList;
			buildConfigurations = (
				1574E9872A0E78E300D001C4 /* Debug */,
				1574E9882A0E78E300D001C4 /* Release */,
			);
			defaultConfigurationIsVisible = 0;
			defaultConfigurationName = Release;
		};
/* End XCConfigurationList section */
	};
	rootObject = 1574E94E2A0E78E300D001C4 /* Project object */;
}
